
Microsoft Visual Studio Solution File, Format Version 12.00
# Visual Studio Version 16
VisualStudioVersion = 16.0.31005.135
MinimumVisualStudioVersion = 10.0.40219.1
Project("{9A19103F-16F7-4668-BE54-9A1E7A4F7556}") = "ETLSystemManagement.API", "ETLSystemManagement.API\ETLSystemManagement.API.csproj", "{5ACBC615-A8E4-4F9D-98AC-A9218231CB49}"
EndProject
Project("{9A19103F-16F7-4668-BE54-9A1E7A4F7556}") = "ETL.ERP.Model", "ETL.ERP.Model\ETL.ERP.Model.csproj", "{D6D24C80-C8B3-48A1-9F97-78F8F84E6E6C}"
EndProject
Project("{9A19103F-16F7-4668-BE54-9A1E7A4F7556}") = "ETL.ERP.BLL", "ETL.ERP.BLL\ETL.ERP.BLL.csproj", "{BE4ABFF4-79F9-4418-AFA8-FF6EDFBFD1D3}"
EndProject
Project("{9A19103F-16F7-4668-BE54-9A1E7A4F7556}") = "ETL.ERP.DAL", "ETL.ERP.DAL\ETL.ERP.DAL.csproj", "{145FE0CB-DBED-49E7-B5C6-DC330B86B0A1}"
EndProject
Project("{9A19103F-16F7-4668-BE54-9A1E7A4F7556}") = "ETL.ERP.ThirdParty", "ETL.ERP.ThirdParty\ETL.ERP.ThirdParty.csproj", "{DD81CBDB-BEA1-4F61-BB0B-C8B8DC352288}"
EndProject
Project("{2150E333-8FDC-42A3-9474-1A3956D46DE8}") = "05 帮助类", "05 帮助类", "{51CCA462-A694-4ADA-837E-D87265C6778B}"
EndProject
Project("{2150E333-8FDC-42A3-9474-1A3956D46DE8}") = "01 API接口", "01 API接口", "{123F20D1-8881-4107-8B7F-217B61DE4BE5}"
EndProject
Project("{2150E333-8FDC-42A3-9474-1A3956D46DE8}") = "02 业务逻辑层BLL", "02 业务逻辑层BLL", "{70DFC425-DCBD-4CE4-A153-E5D1958BF950}"
EndProject
Project("{2150E333-8FDC-42A3-9474-1A3956D46DE8}") = "03 数据访问层DAL", "03 数据访问层DAL", "{D259A0EE-2539-40B7-8496-DA95D8749CE0}"
EndProject
Project("{2150E333-8FDC-42A3-9474-1A3956D46DE8}") = "04 模型层Model", "04 模型层Model", "{014626A6-82D6-4F30-B073-49B526487DA6}"
EndProject
Global
	GlobalSection(SolutionConfigurationPlatforms) = preSolution
		Debug|Any CPU = Debug|Any CPU
		Release|Any CPU = Release|Any CPU
	EndGlobalSection
	GlobalSection(ProjectConfigurationPlatforms) = postSolution
		{5ACBC615-A8E4-4F9D-98AC-A9218231CB49}.Debug|Any CPU.ActiveCfg = Debug|Any CPU
		{5ACBC615-A8E4-4F9D-98AC-A9218231CB49}.Debug|Any CPU.Build.0 = Debug|Any CPU
		{5ACBC615-A8E4-4F9D-98AC-A9218231CB49}.Release|Any CPU.ActiveCfg = Release|Any CPU
		{5ACBC615-A8E4-4F9D-98AC-A9218231CB49}.Release|Any CPU.Build.0 = Release|Any CPU
		{D6D24C80-C8B3-48A1-9F97-78F8F84E6E6C}.Debug|Any CPU.ActiveCfg = Debug|Any CPU
		{D6D24C80-C8B3-48A1-9F97-78F8F84E6E6C}.Debug|Any CPU.Build.0 = Debug|Any CPU
		{D6D24C80-C8B3-48A1-9F97-78F8F84E6E6C}.Release|Any CPU.ActiveCfg = Release|Any CPU
		{D6D24C80-C8B3-48A1-9F97-78F8F84E6E6C}.Release|Any CPU.Build.0 = Release|Any CPU
		{BE4ABFF4-79F9-4418-AFA8-FF6EDFBFD1D3}.Debug|Any CPU.ActiveCfg = Debug|Any CPU
		{BE4ABFF4-79F9-4418-AFA8-FF6EDFBFD1D3}.Debug|Any CPU.Build.0 = Debug|Any CPU
		{BE4ABFF4-79F9-4418-AFA8-FF6EDFBFD1D3}.Release|Any CPU.ActiveCfg = Release|Any CPU
		{BE4ABFF4-79F9-4418-AFA8-FF6EDFBFD1D3}.Release|Any CPU.Build.0 = Release|Any CPU
		{145FE0CB-DBED-49E7-B5C6-DC330B86B0A1}.Debug|Any CPU.ActiveCfg = Debug|Any CPU
		{145FE0CB-DBED-49E7-B5C6-DC330B86B0A1}.Debug|Any CPU.Build.0 = Debug|Any CPU
		{145FE0CB-DBED-49E7-B5C6-DC330B86B0A1}.Release|Any CPU.ActiveCfg = Release|Any CPU
		{145FE0CB-DBED-49E7-B5C6-DC330B86B0A1}.Release|Any CPU.Build.0 = Release|Any CPU
		{DD81CBDB-BEA1-4F61-BB0B-C8B8DC352288}.Debug|Any CPU.ActiveCfg = Debug|Any CPU
		{DD81CBDB-BEA1-4F61-BB0B-C8B8DC352288}.Debug|Any CPU.Build.0 = Debug|Any CPU
		{DD81CBDB-BEA1-4F61-BB0B-C8B8DC352288}.Release|Any CPU.ActiveCfg = Release|Any CPU
		{DD81CBDB-BEA1-4F61-BB0B-C8B8DC352288}.Release|Any CPU.Build.0 = Release|Any CPU
	EndGlobalSection
	GlobalSection(SolutionProperties) = preSolution
		HideSolutionNode = FALSE
	EndGlobalSection
	GlobalSection(NestedProjects) = preSolution
		{5ACBC615-A8E4-4F9D-98AC-A9218231CB49} = {123F20D1-8881-4107-8B7F-217B61DE4BE5}
		{D6D24C80-C8B3-48A1-9F97-78F8F84E6E6C} = {014626A6-82D6-4F30-B073-49B526487DA6}
		{BE4ABFF4-79F9-4418-AFA8-FF6EDFBFD1D3} = {70DFC425-DCBD-4CE4-A153-E5D1958BF950}
		{145FE0CB-DBED-49E7-B5C6-DC330B86B0A1} = {D259A0EE-2539-40B7-8496-DA95D8749CE0}
		{DD81CBDB-BEA1-4F61-BB0B-C8B8DC352288} = {51CCA462-A694-4ADA-837E-D87265C6778B}
	EndGlobalSection
	GlobalSection(ExtensibilityGlobals) = postSolution
		SolutionGuid = {60203F0B-35AB-40E2-9D93-DC04476E7727}
	EndGlobalSection
EndGlobal
